
Microsoft Visual Studio Solution File, Format Version 12.00
Project("{2150E333-8FDC-42A3-9474-1A3956D46DE8}") = "Domain", "Domain", "{23B0962A-F0C7-476E-A944-30A55C290A31}"
EndProject
Project("{2150E333-8FDC-42A3-9474-1A3956D46DE8}") = "Infra.Bus", "Infra.Bus", "{FD070477-2F3E-4ED3-A3A3-D5FA2F978FDD}"
EndProject
Project("{2150E333-8FDC-42A3-9474-1A3956D46DE8}") = "Infra.IoC", "Infra.IoC", "{43F521AA-7B35-4380-BF2E-EB31EA756152}"
EndProject
Project("{2150E333-8FDC-42A3-9474-1A3956D46DE8}") = "Microservices", "Microservices", "{830D7A0B-5E1E-48BF-A99F-455D664E8580}"
EndProject
Project("{2150E333-8FDC-42A3-9474-1A3956D46DE8}") = "Presentation", "Presentation", "{608C8F2F-6A44-47E6-A1F7-BB66A5FC2250}"
EndProject
Project("{FAE04EC0-301F-11D3-BF4B-00C04F79EFBC}") = "Domain.Core", "Domain.Core\Domain.Core.csproj", "{67ECB012-578C-45DC-B81D-396D02697D1D}"
EndProject
Project("{FAE04EC0-301F-11D3-BF4B-00C04F79EFBC}") = "Infra.Bus", "Infra.Bus\Infra.Bus.csproj", "{28421840-9121-4786-A5AA-3DF5EC94F7DA}"
EndProject
Project("{FAE04EC0-301F-11D3-BF4B-00C04F79EFBC}") = "Infra.IoC", "Infra.IoC\Infra.IoC.csproj", "{9FEFE3DB-4170-49E0-8534-E249E32229FB}"
EndProject
Project("{2150E333-8FDC-42A3-9474-1A3956D46DE8}") = "Banking", "Banking", "{26D950F0-77EE-4A74-A2A5-FFFA0F162B12}"
EndProject
Project("{2150E333-8FDC-42A3-9474-1A3956D46DE8}") = "Api", "Api", "{895B1FA7-B896-43E2-8194-744ED4653152}"
EndProject
Project("{2150E333-8FDC-42A3-9474-1A3956D46DE8}") = "Application", "Application", "{BB665B33-6BA9-4CB5-A21A-F5EA33DBAB2E}"
EndProject
Project("{2150E333-8FDC-42A3-9474-1A3956D46DE8}") = "Domain", "Domain", "{30112882-B356-45E5-801E-C5359E55196A}"
EndProject
Project("{2150E333-8FDC-42A3-9474-1A3956D46DE8}") = "Data", "Data", "{12F76BAC-E32E-49F6-B270-BCE8C6C2F9C0}"
EndProject
Project("{FAE04EC0-301F-11D3-BF4B-00C04F79EFBC}") = "Banking.Api", "Banking.Api\Banking.Api.csproj", "{5CD4E36B-4630-467D-8CFF-406D422B75BC}"
EndProject
Project("{FAE04EC0-301F-11D3-BF4B-00C04F79EFBC}") = "Banking.Application", "Banking.Application\Banking.Application.csproj", "{F0625A08-3D69-48B9-8A8F-CAB40BD07E3A}"
EndProject
Project("{FAE04EC0-301F-11D3-BF4B-00C04F79EFBC}") = "Banking.Data", "Banking.Data\Banking.Data.csproj", "{DBA0BD71-BC85-4E62-85C1-9AB295994BDA}"
EndProject
Project("{FAE04EC0-301F-11D3-BF4B-00C04F79EFBC}") = "Banking.Domain", "Banking.Domain\Banking.Domain.csproj", "{5AFEA709-A8EB-42B2-A66F-18D7DC8924DC}"
EndProject
Global
	GlobalSection(SolutionConfigurationPlatforms) = preSolution
		Debug|Any CPU = Debug|Any CPU
		Release|Any CPU = Release|Any CPU
	EndGlobalSection
	GlobalSection(ProjectConfigurationPlatforms) = postSolution
		{67ECB012-578C-45DC-B81D-396D02697D1D}.Debug|Any CPU.ActiveCfg = Debug|Any CPU
		{67ECB012-578C-45DC-B81D-396D02697D1D}.Debug|Any CPU.Build.0 = Debug|Any CPU
		{67ECB012-578C-45DC-B81D-396D02697D1D}.Release|Any CPU.ActiveCfg = Release|Any CPU
		{67ECB012-578C-45DC-B81D-396D02697D1D}.Release|Any CPU.Build.0 = Release|Any CPU
		{28421840-9121-4786-A5AA-3DF5EC94F7DA}.Debug|Any CPU.ActiveCfg = Debug|Any CPU
		{28421840-9121-4786-A5AA-3DF5EC94F7DA}.Debug|Any CPU.Build.0 = Debug|Any CPU
		{28421840-9121-4786-A5AA-3DF5EC94F7DA}.Release|Any CPU.ActiveCfg = Release|Any CPU
		{28421840-9121-4786-A5AA-3DF5EC94F7DA}.Release|Any CPU.Build.0 = Release|Any CPU
		{9FEFE3DB-4170-49E0-8534-E249E32229FB}.Debug|Any CPU.ActiveCfg = Debug|Any CPU
		{9FEFE3DB-4170-49E0-8534-E249E32229FB}.Debug|Any CPU.Build.0 = Debug|Any CPU
		{9FEFE3DB-4170-49E0-8534-E249E32229FB}.Release|Any CPU.ActiveCfg = Release|Any CPU
		{9FEFE3DB-4170-49E0-8534-E249E32229FB}.Release|Any CPU.Build.0 = Release|Any CPU
		{5CD4E36B-4630-467D-8CFF-406D422B75BC}.Debug|Any CPU.ActiveCfg = Debug|Any CPU
		{5CD4E36B-4630-467D-8CFF-406D422B75BC}.Debug|Any CPU.Build.0 = Debug|Any CPU
		{5CD4E36B-4630-467D-8CFF-406D422B75BC}.Release|Any CPU.ActiveCfg = Release|Any CPU
		{5CD4E36B-4630-467D-8CFF-406D422B75BC}.Release|Any CPU.Build.0 = Release|Any CPU
		{F0625A08-3D69-48B9-8A8F-CAB40BD07E3A}.Debug|Any CPU.ActiveCfg = Debug|Any CPU
		{F0625A08-3D69-48B9-8A8F-CAB40BD07E3A}.Debug|Any CPU.Build.0 = Debug|Any CPU
		{F0625A08-3D69-48B9-8A8F-CAB40BD07E3A}.Release|Any CPU.ActiveCfg = Release|Any CPU
		{F0625A08-3D69-48B9-8A8F-CAB40BD07E3A}.Release|Any CPU.Build.0 = Release|Any CPU
		{DBA0BD71-BC85-4E62-85C1-9AB295994BDA}.Debug|Any CPU.ActiveCfg = Debug|Any CPU
		{DBA0BD71-BC85-4E62-85C1-9AB295994BDA}.Debug|Any CPU.Build.0 = Debug|Any CPU
		{DBA0BD71-BC85-4E62-85C1-9AB295994BDA}.Release|Any CPU.ActiveCfg = Release|Any CPU
		{DBA0BD71-BC85-4E62-85C1-9AB295994BDA}.Release|Any CPU.Build.0 = Release|Any CPU
		{5AFEA709-A8EB-42B2-A66F-18D7DC8924DC}.Debug|Any CPU.ActiveCfg = Debug|Any CPU
		{5AFEA709-A8EB-42B2-A66F-18D7DC8924DC}.Debug|Any CPU.Build.0 = Debug|Any CPU
		{5AFEA709-A8EB-42B2-A66F-18D7DC8924DC}.Release|Any CPU.ActiveCfg = Release|Any CPU
		{5AFEA709-A8EB-42B2-A66F-18D7DC8924DC}.Release|Any CPU.Build.0 = Release|Any CPU
	EndGlobalSection
	GlobalSection(NestedProjects) = preSolution
		{67ECB012-578C-45DC-B81D-396D02697D1D} = {23B0962A-F0C7-476E-A944-30A55C290A31}
		{28421840-9121-4786-A5AA-3DF5EC94F7DA} = {FD070477-2F3E-4ED3-A3A3-D5FA2F978FDD}
		{9FEFE3DB-4170-49E0-8534-E249E32229FB} = {43F521AA-7B35-4380-BF2E-EB31EA756152}
		{26D950F0-77EE-4A74-A2A5-FFFA0F162B12} = {830D7A0B-5E1E-48BF-A99F-455D664E8580}
		{895B1FA7-B896-43E2-8194-744ED4653152} = {26D950F0-77EE-4A74-A2A5-FFFA0F162B12}
		{BB665B33-6BA9-4CB5-A21A-F5EA33DBAB2E} = {26D950F0-77EE-4A74-A2A5-FFFA0F162B12}
		{30112882-B356-45E5-801E-C5359E55196A} = {26D950F0-77EE-4A74-A2A5-FFFA0F162B12}
		{12F76BAC-E32E-49F6-B270-BCE8C6C2F9C0} = {26D950F0-77EE-4A74-A2A5-FFFA0F162B12}
		{5CD4E36B-4630-467D-8CFF-406D422B75BC} = {895B1FA7-B896-43E2-8194-744ED4653152}
		{F0625A08-3D69-48B9-8A8F-CAB40BD07E3A} = {BB665B33-6BA9-4CB5-A21A-F5EA33DBAB2E}
		{DBA0BD71-BC85-4E62-85C1-9AB295994BDA} = {12F76BAC-E32E-49F6-B270-BCE8C6C2F9C0}
		{5AFEA709-A8EB-42B2-A66F-18D7DC8924DC} = {30112882-B356-45E5-801E-C5359E55196A}
	EndGlobalSection
EndGlobal
